// !$*UTF8*$!
{
	archiveVersion = 1;
	classes = {
	};
	objectVersion = 46;
	objects = {

/* Begin PBXBuildFile section */
		A2C951521C3576BC00024AF0 /* AppDelegate.swift in Sources */ = {isa = PBXBuildFile; fileRef = A2C951511C3576BC00024AF0 /* AppDelegate.swift */; };
		A2C951571C3576BC00024AF0 /* Main.storyboard in Resources */ = {isa = PBXBuildFile; fileRef = A2C951551C3576BC00024AF0 /* Main.storyboard */; };
		A2C951591C3576BC00024AF0 /* Assets.xcassets in Resources */ = {isa = PBXBuildFile; fileRef = A2C951581C3576BC00024AF0 /* Assets.xcassets */; };
		A2C9515C1C3576BC00024AF0 /* LaunchScreen.storyboard in Resources */ = {isa = PBXBuildFile; fileRef = A2C9515A1C3576BC00024AF0 /* LaunchScreen.storyboard */; };
		A2C951641C39F75D00024AF0 /* FriendListViewController.swift in Sources */ = {isa = PBXBuildFile; fileRef = A2C951631C39F75D00024AF0 /* FriendListViewController.swift */; };
/* End PBXBuildFile section */

/* Begin PBXFileReference section */
		A2C9514E1C3576BC00024AF0 /* Friendbook.app */ = {isa = PBXFileReference; explicitFileType = wrapper.application; includeInIndex = 0; path = Friendbook.app; sourceTree = BUILT_PRODUCTS_DIR; };
		A2C951511C3576BC00024AF0 /* AppDelegate.swift */ = {isa = PBXFileReference; lastKnownFileType = sourcecode.swift; path = AppDelegate.swift; sourceTree = "<group>"; };
		A2C951561C3576BC00024AF0 /* Base */ = {isa = PBXFileReference; lastKnownFileType = file.storyboard; name = Base; path = Base.lproj/Main.storyboard; sourceTree = "<group>"; };
		A2C951581C3576BC00024AF0 /* Assets.xcassets */ = {isa = PBXFileReference; lastKnownFileType = folder.assetcatalog; path = Assets.xcassets; sourceTree = "<group>"; };
		A2C9515B1C3576BC00024AF0 /* Base */ = {isa = PBXFileReference; lastKnownFileType = file.storyboard; name = Base; path = Base.lproj/LaunchScreen.storyboard; sourceTree = "<group>"; };
		A2C9515D1C3576BC00024AF0 /* Info.plist */ = {isa = PBXFileReference; lastKnownFileType = text.plist.xml; path = Info.plist; sourceTree = "<group>"; };
		A2C951631C39F75D00024AF0 /* FriendListViewController.swift */ = {isa = PBXFileReference; fileEncoding = 4; lastKnownFileType = sourcecode.swift; path = FriendListViewController.swift; sourceTree = "<group>"; };
/* End PBXFileReference section */

/* Begin PBXFrameworksBuildPhase section */
		A2C9514B1C3576BC00024AF0 /* Frameworks */ = {
			isa = PBXFrameworksBuildPhase;
			buildActionMask = 2147483647;
			files = (
			);
			runOnlyForDeploymentPostprocessing = 0;
		};
/* End PBXFrameworksBuildPhase section */

/* Begin PBXGroup section */
		A2C951451C3576BC00024AF0 = {
			isa = PBXGroup;
			children = (
				A2C951501C3576BC00024AF0 /* Friendbook */,
				A2C9514F1C3576BC00024AF0 /* Products */,
			);
			sourceTree = "<group>";
		};
		A2C9514F1C3576BC00024AF0 /* Products */ = {
			isa = PBXGroup;
			children = (
				A2C9514E1C3576BC00024AF0 /* Friendbook.app */,
			);
			name = Products;
			sourceTree = "<group>";
		};
		A2C951501C3576BC00024AF0 /* Friendbook */ = {
			isa = PBXGroup;
			children = (
				A2C951511C3576BC00024AF0 /* AppDelegate.swift */,
				A2C951631C39F75D00024AF0 /* FriendListViewController.swift */,
				A2C951551C3576BC00024AF0 /* Main.storyboard */,
				A2C951581C3576BC00024AF0 /* Assets.xcassets */,
				A2C9515A1C3576BC00024AF0 /* LaunchScreen.storyboard */,
				A2C9515D1C3576BC00024AF0 /* Info.plist */,
			);
			path = Friendbook;
			sourceTree = "<group>";
		};
/* End PBXGroup section */

/* Begin PBXNativeTarget section */
		A2C9514D1C3576BC00024AF0 /* Friendbook */ = {
			isa = PBXNativeTarget;
			buildConfigurationList = A2C951601C3576BC00024AF0 /* Build configuration list for PBXNativeTarget "Friendbook" */;
			buildPhases = (
				A2C9514A1C3576BC00024AF0 /* Sources */,
				A2C9514B1C3576BC00024AF0 /* Frameworks */,
				A2C9514C1C3576BC00024AF0 /* Resources */,
			);
			buildRules = (
			);
			dependencies = (
			);
			name = Friendbook;
			productName = Friendbook;
			productReference = A2C9514E1C3576BC00024AF0 /* Friendbook.app */;
			productType = "com.apple.product-type.application";
		};
/* End PBXNativeTarget section */

/* Begin PBXProject section */
		A2C951461C3576BC00024AF0 /* Project object */ = {
			isa = PBXProject;
			attributes = {
				LastSwiftUpdateCheck = 0720;
				LastUpgradeCheck = 0720;
				ORGANIZATIONNAME = "Tai Nguyen Bui";
				TargetAttributes = {
					A2C9514D1C3576BC00024AF0 = {
						CreatedOnToolsVersion = 7.2;
						DevelopmentTeam = TT84SS6B3A;
					};
				};
			};
			buildConfigurationList = A2C951491C3576BC00024AF0 /* Build configuration list for PBXProject "Friendbook" */;
			compatibilityVersion = "Xcode 3.2";
			developmentRegion = English;
			hasScannedForEncodings = 0;
			knownRegions = (
				en,
				Base,
			);
			mainGroup = A2C951451C3576BC00024AF0;
			productRefGroup = A2C9514F1C3576BC00024AF0 /* Products */;
			projectDirPath = "";
			projectRoot = "";
			targets = (
				A2C9514D1C3576BC00024AF0 /* Friendbook */,
			);
		};
/* End PBXProject section */

/* Begin PBXResourcesBuildPhase section */
		A2C9514C1C3576BC00024AF0 /* Resources */ = {
			isa = PBXResourcesBuildPhase;
			buildActionMask = 2147483647;
			files = (
				A2C9515C1C3576BC00024AF0 /* LaunchScreen.storyboard in Resources */,
				A2C951591C3576BC00024AF0 /* Assets.xcassets in Resources */,
				A2C951571C3576BC00024AF0 /* Main.storyboard in Resources */,
			);
			runOnlyForDeploymentPostprocessing = 0;
		};
/* End PBXResourcesBuildPhase section */

/* Begin PBXSourcesBuildPhase section */
		A2C9514A1C3576BC00024AF0 /* Sources */ = {
			isa = PBXSourcesBuildPhase;
			buildActionMask = 2147483647;
			files = (
				A2C951641C39F75D00024AF0 /* FriendListViewController.swift in Sources */,
				A2C951521C3576BC00024AF0 /* AppDelegate.swift in Sources */,
			);
			runOnlyForDeploymentPostprocessing = 0;
		};
/* End PBXSourcesBuildPhase section */

/* Begin PBXVariantGroup section */
		A2C951551C3576BC00024AF0 /* Main.storyboard */ = {
			isa = PBXVariantGroup;
			children = (
				A2C951561C3576BC00024AF0 /* Base */,
			);
			name = Main.storyboard;
			sourceTree = "<group>";
		};
		A2C9515A1C3576BC00024AF0 /* LaunchScreen.storyboard */ = {
			isa = PBXVariantGroup;
			children = (
				A2C9515B1C3576BC00024AF0 /* Base */,
			);
			name = LaunchScreen.storyboard;
			sourceTree = "<group>";
		};
/* End PBXVariantGroup section */

/* Begin XCBuildConfiguration section */
		A2C9515E1C3576BC00024AF0 /* Debug */ = {
			isa = XCBuildConfiguration;
			buildSettings = {
				ALWAYS_SEARCH_USER_PATHS = NO;
				CLANG_CXX_LANGUAGE_STANDARD = "gnu++0x";
				CLANG_CXX_LIBRARY = "libc++";
				CLANG_ENABLE_MODULES = YES;
				CLANG_ENABLE_OBJC_ARC = YES;
				CLANG_WARN_BOOL_CONVERSION = YES;
				CLANG_WARN_CONSTANT_CONVERSION = YES;
				CLANG_WARN_DIRECT_OBJC_ISA_USAGE = YES_ERROR;
				CLANG_WARN_EMPTY_BODY = YES;
				CLANG_WARN_ENUM_CONVERSION = YES;
				CLANG_WARN_INT_CONVERSION = YES;
				CLANG_WARN_OBJC_ROOT_CLASS = YES_ERROR;
				CLANG_WARN_UNREACHABLE_CODE = YES;
				CLANG_WARN__DUPLICATE_METHOD_MATCH = YES;
				"CODE_SIGN_IDENTITY[sdk=iphoneos*]" = "iPhone Developer";
				COPY_PHASE_STRIP = NO;
				DEBUG_INFORMATION_FORMAT = dwarf;
				ENABLE_STRICT_OBJC_MSGSEND = YES;
				ENABLE_TESTABILITY = YES;
				GCC_C_LANGUAGE_STANDARD = gnu99;
				GCC_DYNAMIC_NO_PIC = NO;
				GCC_NO_COMMON_BLOCKS = YES;
				GCC_OPTIMIZATION_LEVEL = 0;
				GCC_PREPROCESSOR_DEFINITIONS = (
					"DEBUG=1",
					"$(inherited)",
				);
				GCC_WARN_64_TO_32_BIT_CONVERSION = YES;
				GCC_WARN_ABOUT_RETURN_TYPE = YES_ERROR;
				GCC_WARN_UNDECLARED_SELECTOR = YES;
				GCC_WARN_UNINITIALIZED_AUTOS = YES_AGGRESSIVE;
				GCC_WARN_UNUSED_FUNCTION = YES;
				GCC_WARN_UNUSED_VARIABLE = YES;
				IPHONEOS_DEPLOYMENT_TARGET = 9.2;
				MTL_ENABLE_DEBUG_INFO = YES;
				ONLY_ACTIVE_ARCH = YES;
				SDKROOT = iphoneos;
				SWIFT_OPTIMIZATION_LEVEL = "-Onone";
				TARGETED_DEVICE_FAMILY = "1,2";
			};
			name = Debug;
		};
		A2C9515F1C3576BC00024AF0 /* Release */ = {
			isa = XCBuildConfiguration;
			buildSettings = {
				ALWAYS_SEARCH_USER_PATHS = NO;
				CLANG_CXX_LANGUAGE_STANDARD = "gnu++0x";
				CLANG_CXX_LIBRARY = "libc++";
				CLANG_ENABLE_MODULES = YES;
				CLANG_ENABLE_OBJC_ARC = YES;
				CLANG_WARN_BOOL_CONVERSION = YES;
				CLANG_WARN_CONSTANT_CONVERSION = YES;
				CLANG_WARN_DIRECT_OBJC_ISA_USAGE = YES_ERROR;
				CLANG_WARN_EMPTY_BODY = YES;
				CLANG_WARN_ENUM_CONVERSION = YES;
				CLANG_WARN_INT_CONVERSION = YES;
				CLANG_WARN_OBJC_ROOT_CLASS = YES_ERROR;
				CLANG_WARN_UNREACHABLE_CODE = YES;
				CLANG_WARN__DUPLICATE_METHOD_MATCH = YES;
				"CODE_SIGN_IDENTITY[sdk=iphoneos*]" = "iPhone Developer";
				COPY_PHASE_STRIP = NO;
				DEBUG_INFORMATION_FORMAT = "dwarf-with-dsym";
				ENABLE_NS_ASSERTIONS = NO;
				ENABLE_STRICT_OBJC_MSGSEND = YES;
				GCC_C_LANGUAGE_STANDARD = gnu99;
				GCC_NO_COMMON_BLOCKS = YES;
				GCC_WARN_64_TO_32_BIT_CONVERSION = YES;
				GCC_WARN_ABOUT_RETURN_TYPE = YES_ERROR;
				GCC_WARN_UNDECLARED_SELECTOR = YES;
				GCC_WARN_UNINITIALIZED_AUTOS = YES_AGGRESSIVE;
				GCC_WARN_UNUSED_FUNCTION = YES;
				GCC_WARN_UNUSED_VARIABLE = YES;
				IPHONEOS_DEPLOYMENT_TARGET = 9.2;
				MTL_ENABLE_DEBUG_INFO = NO;
				SDKROOT = iphoneos;
				TARGETED_DEVICE_FAMILY = "1,2";
				VALIDATE_PRODUCT = YES;
			};
			name = Release;
		};
		A2C951611C3576BC00024AF0 /* Debug */ = {
			isa = XCBuildConfiguration;
			buildSettings = {
				ASSETCATALOG_COMPILER_APPICON_NAME = AppIcon;
				INFOPLIST_FILE = Friendbook/Info.plist;
				LD_RUNPATH_SEARCH_PATHS = "$(inherited) @executable_path/Frameworks";
				PRODUCT_BUNDLE_IDENTIFIER = projects.tnb.Friendbook;
				PRODUCT_NAME = "$(TARGET_NAME)";
			};
			name = Debug;
		};
		A2C951621C3576BC00024AF0 /* Release */ = {
			isa = XCBuildConfiguration;
			buildSettings = {
				ASSETCATALOG_COMPILER_APPICON_NAME = AppIcon;
				INFOPLIST_FILE = Friendbook/Info.plist;
				LD_RUNPATH_SEARCH_PATHS = "$(inherited) @executable_path/Frameworks";
				PRODUCT_BUNDLE_IDENTIFIER = projects.tnb.Friendbook;
				PRODUCT_NAME = "$(TARGET_NAME)";
			};
			name = Release;
		};
/* End XCBuildConfiguration section */

/* Begin XCConfigurationList section */
		A2C951491C3576BC00024AF0 /* Build configuration list for PBXProject "Friendbook" */ = {
			isa = XCConfigurationList;
			buildConfigurations = (
				A2C9515E1C3576BC00024AF0 /* Debug */,
				A2C9515F1C3576BC00024AF0 /* Release */,
			);
			defaultConfigurationIsVisible = 0;
			defaultConfigurationName = Release;
		};
		A2C951601C3576BC00024AF0 /* Build configuration list for PBXNativeTarget "Friendbook" */ = {
			isa = XCConfigurationList;
			buildConfigurations = (
				A2C951611C3576BC00024AF0 /* Debug */,
				A2C951621C3576BC00024AF0 /* Release */,
			);
			defaultConfigurationIsVisible = 0;
			defaultConfigurationName = Release;
		};
/* End XCConfigurationList section */
	};
	rootObject = A2C951461C3576BC00024AF0 /* Project object */;
}
